# <summary>
# This YAML configuration contains
# the translations of the alarm clock custom package
# </summary>
# <remarks>
# =========================================================================
# Date         Author        Comment
# 2024-08-07   FZE           Initial release
# =========================================================================
# </remarks>

# Input Date/Time
input_datetime.alarm_clock_florian_time:
  friendly_name: "Wecker Florian"
input_datetime.alarm_clock_manuela_time:
  friendly_name: "Wecker Manuela"

# Input Boolean
input_boolean.alarm_clock_florian_enabled:
  friendly_name: "Wecker Florian eingeschaltet"
input_boolean.alarm_clock_manuela_enabled:
  friendly_name: "Wecker Manuela eingeschaltet"